
Microsoft Visual Studio Solution File, Format Version 12.00
# Visual Studio 15
VisualStudioVersion = 15.0.27703.2026
MinimumVisualStudioVersion = 10.0.40219.1
Project("{FAE04EC0-301F-11D3-BF4B-00C04F79EFBC}") = "WelcomeDotNetCore", "WelcomeDotNetCore\WelcomeDotNetCore.csproj", "{9C1BE595-E2BA-4A6F-8C4C-C0FAF9AB6538}"
EndProject
Project("{9A19103F-16F7-4668-BE54-9A1E7A4F7556}") = "HelloCS", "..\HelloCS\HelloCS.csproj", "{7805F2B4-96CC-4CCC-BF2B-E5FE4298EEE4}"
EndProject
Global
	GlobalSection(SolutionConfigurationPlatforms) = preSolution
		Debug|Any CPU = Debug|Any CPU
		Release|Any CPU = Release|Any CPU
	EndGlobalSection
	GlobalSection(ProjectConfigurationPlatforms) = postSolution
		{9C1BE595-E2BA-4A6F-8C4C-C0FAF9AB6538}.Debug|Any CPU.ActiveCfg = Debug|Any CPU
		{9C1BE595-E2BA-4A6F-8C4C-C0FAF9AB6538}.Debug|Any CPU.Build.0 = Debug|Any CPU
		{9C1BE595-E2BA-4A6F-8C4C-C0FAF9AB6538}.Release|Any CPU.ActiveCfg = Release|Any CPU
		{9C1BE595-E2BA-4A6F-8C4C-C0FAF9AB6538}.Release|Any CPU.Build.0 = Release|Any CPU
		{7805F2B4-96CC-4CCC-BF2B-E5FE4298EEE4}.Debug|Any CPU.ActiveCfg = Debug|Any CPU
		{7805F2B4-96CC-4CCC-BF2B-E5FE4298EEE4}.Debug|Any CPU.Build.0 = Debug|Any CPU
		{7805F2B4-96CC-4CCC-BF2B-E5FE4298EEE4}.Release|Any CPU.ActiveCfg = Release|Any CPU
		{7805F2B4-96CC-4CCC-BF2B-E5FE4298EEE4}.Release|Any CPU.Build.0 = Release|Any CPU
	EndGlobalSection
	GlobalSection(SolutionProperties) = preSolution
		HideSolutionNode = FALSE
	EndGlobalSection
	GlobalSection(ExtensibilityGlobals) = postSolution
		SolutionGuid = {170F170F-DAE2-4043-BA10-FD32D126F716}
	EndGlobalSection
EndGlobal
