
Microsoft Visual Studio Solution File, Format Version 12.00
# Visual Studio 15
VisualStudioVersion = 15.0.27703.2026
MinimumVisualStudioVersion = 10.0.40219.1
Project("{9A19103F-16F7-4668-BE54-9A1E7A4F7556}") = "WritingFunctions", "WritingFunctions\WritingFunctions.csproj", "{5CAE2041-3154-45A5-A9B0-413906738126}"
EndProject
Project("{FAE04EC0-301F-11D3-BF4B-00C04F79EFBC}") = "Instrumenting", "..\Instrumenting\Instrumenting.csproj", "{A0E4321B-1409-4DF2-8931-AE2D0C45544D}"
EndProject
Project("{FAE04EC0-301F-11D3-BF4B-00C04F79EFBC}") = "CalculatorLib", "..\CalculatorLib\CalculatorLib.csproj", "{9E15F496-70B4-454F-BF2D-A569881D750C}"
EndProject
Project("{FAE04EC0-301F-11D3-BF4B-00C04F79EFBC}") = "CalculatorLibUnitTests", "..\CalculatorLibUnitTests\CalculatorLibUnitTests.csproj", "{798809C7-7908-428D-A548-47CB5A989BBB}"
EndProject
Project("{FAE04EC0-301F-11D3-BF4B-00C04F79EFBC}") = "PrimeFactors", "..\PrimeFactors\PrimeFactors.csproj", "{DE46EEAF-75C1-493F-810D-FC600B80F8E3}"
EndProject
Global
	GlobalSection(SolutionConfigurationPlatforms) = preSolution
		Debug|Any CPU = Debug|Any CPU
		Release|Any CPU = Release|Any CPU
	EndGlobalSection
	GlobalSection(ProjectConfigurationPlatforms) = postSolution
		{5CAE2041-3154-45A5-A9B0-413906738126}.Debug|Any CPU.ActiveCfg = Debug|Any CPU
		{5CAE2041-3154-45A5-A9B0-413906738126}.Debug|Any CPU.Build.0 = Debug|Any CPU
		{5CAE2041-3154-45A5-A9B0-413906738126}.Release|Any CPU.ActiveCfg = Release|Any CPU
		{5CAE2041-3154-45A5-A9B0-413906738126}.Release|Any CPU.Build.0 = Release|Any CPU
		{A0E4321B-1409-4DF2-8931-AE2D0C45544D}.Debug|Any CPU.ActiveCfg = Debug|Any CPU
		{A0E4321B-1409-4DF2-8931-AE2D0C45544D}.Debug|Any CPU.Build.0 = Debug|Any CPU
		{A0E4321B-1409-4DF2-8931-AE2D0C45544D}.Release|Any CPU.ActiveCfg = Release|Any CPU
		{A0E4321B-1409-4DF2-8931-AE2D0C45544D}.Release|Any CPU.Build.0 = Release|Any CPU
		{9E15F496-70B4-454F-BF2D-A569881D750C}.Debug|Any CPU.ActiveCfg = Debug|Any CPU
		{9E15F496-70B4-454F-BF2D-A569881D750C}.Debug|Any CPU.Build.0 = Debug|Any CPU
		{9E15F496-70B4-454F-BF2D-A569881D750C}.Release|Any CPU.ActiveCfg = Release|Any CPU
		{9E15F496-70B4-454F-BF2D-A569881D750C}.Release|Any CPU.Build.0 = Release|Any CPU
		{798809C7-7908-428D-A548-47CB5A989BBB}.Debug|Any CPU.ActiveCfg = Debug|Any CPU
		{798809C7-7908-428D-A548-47CB5A989BBB}.Debug|Any CPU.Build.0 = Debug|Any CPU
		{798809C7-7908-428D-A548-47CB5A989BBB}.Release|Any CPU.ActiveCfg = Release|Any CPU
		{798809C7-7908-428D-A548-47CB5A989BBB}.Release|Any CPU.Build.0 = Release|Any CPU
		{DE46EEAF-75C1-493F-810D-FC600B80F8E3}.Debug|Any CPU.ActiveCfg = Debug|Any CPU
		{DE46EEAF-75C1-493F-810D-FC600B80F8E3}.Debug|Any CPU.Build.0 = Debug|Any CPU
		{DE46EEAF-75C1-493F-810D-FC600B80F8E3}.Release|Any CPU.ActiveCfg = Release|Any CPU
		{DE46EEAF-75C1-493F-810D-FC600B80F8E3}.Release|Any CPU.Build.0 = Release|Any CPU
	EndGlobalSection
	GlobalSection(SolutionProperties) = preSolution
		HideSolutionNode = FALSE
	EndGlobalSection
	GlobalSection(ExtensibilityGlobals) = postSolution
		SolutionGuid = {EABFACF4-F567-479C-BD2C-1C951C288B9A}
	EndGlobalSection
EndGlobal
